
Microsoft Visual Studio Solution File, Format Version 12.00
# Visual Studio 15
VisualStudioVersion = 15.0.28307.1259
MinimumVisualStudioVersion = 10.0.40219.1
Project("{FAE04EC0-301F-11D3-BF4B-00C04F79EFBC}") = "ProjectOffice", "ProjectOffice\ProjectOffice.csproj", "{D2FDF3C3-8349-4C00-94E6-186873AD73EB}"
EndProject
Global
	GlobalSection(SolutionConfigurationPlatforms) = preSolution
		Debug|Any CPU = Debug|Any CPU
		Release|Any CPU = Release|Any CPU
	EndGlobalSection
	GlobalSection(ProjectConfigurationPlatforms) = postSolution
		{D2FDF3C3-8349-4C00-94E6-186873AD73EB}.Debug|Any CPU.ActiveCfg = Debug|Any CPU
		{D2FDF3C3-8349-4C00-94E6-186873AD73EB}.Debug|Any CPU.Build.0 = Debug|Any CPU
		{D2FDF3C3-8349-4C00-94E6-186873AD73EB}.Release|Any CPU.ActiveCfg = Release|Any CPU
		{D2FDF3C3-8349-4C00-94E6-186873AD73EB}.Release|Any CPU.Build.0 = Release|Any CPU
	EndGlobalSection
	GlobalSection(SolutionProperties) = preSolution
		HideSolutionNode = FALSE
	EndGlobalSection
	GlobalSection(ExtensibilityGlobals) = postSolution
		SolutionGuid = {B0E10C00-7F6B-43A0-B366-7CE11A502CFD}
	EndGlobalSection
EndGlobal
