
Microsoft Visual Studio Solution File, Format Version 12.00
# Visual Studio 15
VisualStudioVersion = 15.0.28307.1259
MinimumVisualStudioVersion = 10.0.40219.1
Project("{2150E333-8FDC-42A3-9474-1A3956D46DE8}") = "WebHost", "WebHost", "{E5E9C9C6-3D0A-4BA8-9BEF-C8306CE10D85}"
EndProject
Project("{2150E333-8FDC-42A3-9474-1A3956D46DE8}") = "Core", "Core", "{C26EF288-17AB-4421-8EF4-AB6CFE8B5C71}"
EndProject
Project("{FAE04EC0-301F-11D3-BF4B-00C04F79EFBC}") = "SurePortal.WebHost", "SurePortal.WebHost\SurePortal.WebHost.csproj", "{F1D75719-46B5-4198-B164-DFBF437E4DC7}"
EndProject
Project("{FAE04EC0-301F-11D3-BF4B-00C04F79EFBC}") = "SurePortal.Core.Kernel", "SurePortal.Core.Kernel\SurePortal.Core.Kernel.csproj", "{ECD84EF0-B902-41A1-B8E6-2113D278BB8F}"
EndProject
Global
	GlobalSection(SolutionConfigurationPlatforms) = preSolution
		Debug|Any CPU = Debug|Any CPU
		Release|Any CPU = Release|Any CPU
	EndGlobalSection
	GlobalSection(ProjectConfigurationPlatforms) = postSolution
		{F1D75719-46B5-4198-B164-DFBF437E4DC7}.Debug|Any CPU.ActiveCfg = Debug|Any CPU
		{F1D75719-46B5-4198-B164-DFBF437E4DC7}.Debug|Any CPU.Build.0 = Debug|Any CPU
		{F1D75719-46B5-4198-B164-DFBF437E4DC7}.Release|Any CPU.ActiveCfg = Release|Any CPU
		{F1D75719-46B5-4198-B164-DFBF437E4DC7}.Release|Any CPU.Build.0 = Release|Any CPU
		{ECD84EF0-B902-41A1-B8E6-2113D278BB8F}.Debug|Any CPU.ActiveCfg = Debug|Any CPU
		{ECD84EF0-B902-41A1-B8E6-2113D278BB8F}.Debug|Any CPU.Build.0 = Debug|Any CPU
		{ECD84EF0-B902-41A1-B8E6-2113D278BB8F}.Release|Any CPU.ActiveCfg = Release|Any CPU
		{ECD84EF0-B902-41A1-B8E6-2113D278BB8F}.Release|Any CPU.Build.0 = Release|Any CPU
	EndGlobalSection
	GlobalSection(SolutionProperties) = preSolution
		HideSolutionNode = FALSE
	EndGlobalSection
	GlobalSection(NestedProjects) = preSolution
		{F1D75719-46B5-4198-B164-DFBF437E4DC7} = {E5E9C9C6-3D0A-4BA8-9BEF-C8306CE10D85}
		{ECD84EF0-B902-41A1-B8E6-2113D278BB8F} = {C26EF288-17AB-4421-8EF4-AB6CFE8B5C71}
	EndGlobalSection
	GlobalSection(ExtensibilityGlobals) = postSolution
		SolutionGuid = {B0E10C00-7F6B-43A0-B366-7CE11A502CFD}
	EndGlobalSection
EndGlobal
